// !$*UTF8*$!
{
	archiveVersion = 1;
	classes = {
	};
	objectVersion = 46;
	objects = {

/* Begin PBXBuildFile section */
		F05B3853140147F4004C2A46 /* UDStackNavigationController.m in Sources */ = {isa = PBXBuildFile; fileRef = F05B3852140147F4004C2A46 /* UDStackNavigationController.m */; };
		F05B385D14016859004C2A46 /* ud7logo.png in Resources */ = {isa = PBXBuildFile; fileRef = F05B385C14016859004C2A46 /* ud7logo.png */; };
		F05B386014016CC1004C2A46 /* triangle.png in Resources */ = {isa = PBXBuildFile; fileRef = F05B385F14016CC1004C2A46 /* triangle.png */; };
		F05B3868140174A2004C2A46 /* Icon.png in Resources */ = {isa = PBXBuildFile; fileRef = F05B3867140174A2004C2A46 /* Icon.png */; };
		F05B3872140174FA004C2A46 /* Default.png in Resources */ = {isa = PBXBuildFile; fileRef = F05B3871140174FA004C2A46 /* Default.png */; };
		F05B387614017A3B004C2A46 /* CoreGraphics.framework in Frameworks */ = {isa = PBXBuildFile; fileRef = F05B387514017A3B004C2A46 /* CoreGraphics.framework */; };
		F0C111931400C1B9001F5A6E /* UIKit.framework in Frameworks */ = {isa = PBXBuildFile; fileRef = F0C111921400C1B9001F5A6E /* UIKit.framework */; };
		F0C111951400C1B9001F5A6E /* Foundation.framework in Frameworks */ = {isa = PBXBuildFile; fileRef = F0C111941400C1B9001F5A6E /* Foundation.framework */; };
		F0C111C41400C4BA001F5A6E /* UDAppDelegate.m in Sources */ = {isa = PBXBuildFile; fileRef = F0C111BB1400C4BA001F5A6E /* UDAppDelegate.m */; };
		F0C111C51400C4BA001F5A6E /* main.m in Sources */ = {isa = PBXBuildFile; fileRef = F0C111BD1400C4BA001F5A6E /* main.m */; };
		F0EE97041400CD1100E20CD9 /* UDMainViewController.m in Sources */ = {isa = PBXBuildFile; fileRef = F0EE97031400CD1100E20CD9 /* UDMainViewController.m */; };
		F0EE97061400CD7F00E20CD9 /* UDMainView.xib in Resources */ = {isa = PBXBuildFile; fileRef = F0EE97051400CD7F00E20CD9 /* UDMainView.xib */; };
		F0EE973F1400D01800E20CD9 /* UDStackViewController.m in Sources */ = {isa = PBXBuildFile; fileRef = F0EE973E1400D01800E20CD9 /* UDStackViewController.m */; };
		F0EE97421400D07100E20CD9 /* UDColoredViewController.m in Sources */ = {isa = PBXBuildFile; fileRef = F0EE97411400D07100E20CD9 /* UDColoredViewController.m */; };
		F0EE97441400D16900E20CD9 /* UDColoredView.xib in Resources */ = {isa = PBXBuildFile; fileRef = F0EE97431400D16900E20CD9 /* UDColoredView.xib */; };
/* End PBXBuildFile section */

/* Begin PBXFileReference section */
		F05B3851140147F4004C2A46 /* UDStackNavigationController.h */ = {isa = PBXFileReference; fileEncoding = 4; lastKnownFileType = sourcecode.c.h; path = UDStackNavigationController.h; sourceTree = "<group>"; };
		F05B3852140147F4004C2A46 /* UDStackNavigationController.m */ = {isa = PBXFileReference; fileEncoding = 4; lastKnownFileType = sourcecode.c.objc; path = UDStackNavigationController.m; sourceTree = "<group>"; };
		F05B385C14016859004C2A46 /* ud7logo.png */ = {isa = PBXFileReference; lastKnownFileType = image.png; path = ud7logo.png; sourceTree = "<group>"; };
		F05B385F14016CC1004C2A46 /* triangle.png */ = {isa = PBXFileReference; lastKnownFileType = image.png; path = triangle.png; sourceTree = "<group>"; };
		F05B3867140174A2004C2A46 /* Icon.png */ = {isa = PBXFileReference; lastKnownFileType = image.png; path = Icon.png; sourceTree = "<group>"; };
		F05B3871140174FA004C2A46 /* Default.png */ = {isa = PBXFileReference; lastKnownFileType = image.png; path = Default.png; sourceTree = "<group>"; };
		F05B387514017A3B004C2A46 /* CoreGraphics.framework */ = {isa = PBXFileReference; lastKnownFileType = wrapper.framework; name = CoreGraphics.framework; path = System/Library/Frameworks/CoreGraphics.framework; sourceTree = SDKROOT; };
		F0C1118E1400C1B9001F5A6E /* UDStackView.app */ = {isa = PBXFileReference; explicitFileType = wrapper.application; includeInIndex = 0; path = UDStackView.app; sourceTree = BUILT_PRODUCTS_DIR; };
		F0C111921400C1B9001F5A6E /* UIKit.framework */ = {isa = PBXFileReference; lastKnownFileType = wrapper.framework; name = UIKit.framework; path = System/Library/Frameworks/UIKit.framework; sourceTree = SDKROOT; };
		F0C111941400C1B9001F5A6E /* Foundation.framework */ = {isa = PBXFileReference; lastKnownFileType = wrapper.framework; name = Foundation.framework; path = System/Library/Frameworks/Foundation.framework; sourceTree = SDKROOT; };
		F0C111BA1400C4BA001F5A6E /* UDAppDelegate.h */ = {isa = PBXFileReference; fileEncoding = 4; lastKnownFileType = sourcecode.c.h; path = UDAppDelegate.h; sourceTree = "<group>"; };
		F0C111BB1400C4BA001F5A6E /* UDAppDelegate.m */ = {isa = PBXFileReference; fileEncoding = 4; lastKnownFileType = sourcecode.c.objc; path = UDAppDelegate.m; sourceTree = "<group>"; };
		F0C111BD1400C4BA001F5A6E /* main.m */ = {isa = PBXFileReference; fileEncoding = 4; lastKnownFileType = sourcecode.c.objc; name = main.m; path = UDStackView/main.m; sourceTree = "<group>"; };
		F0C111C01400C4BA001F5A6E /* Info.plist */ = {isa = PBXFileReference; fileEncoding = 4; lastKnownFileType = text.plist.xml; path = Info.plist; sourceTree = "<group>"; };
		F0C111C31400C4BA001F5A6E /* Prefix.pch */ = {isa = PBXFileReference; fileEncoding = 4; lastKnownFileType = sourcecode.c.h; name = Prefix.pch; path = UDStackView/Prefix.pch; sourceTree = "<group>"; };
		F0EE97021400CD1100E20CD9 /* UDMainViewController.h */ = {isa = PBXFileReference; fileEncoding = 4; lastKnownFileType = sourcecode.c.h; path = UDMainViewController.h; sourceTree = "<group>"; };
		F0EE97031400CD1100E20CD9 /* UDMainViewController.m */ = {isa = PBXFileReference; fileEncoding = 4; lastKnownFileType = sourcecode.c.objc; path = UDMainViewController.m; sourceTree = "<group>"; };
		F0EE97051400CD7F00E20CD9 /* UDMainView.xib */ = {isa = PBXFileReference; fileEncoding = 4; lastKnownFileType = file.xib; path = UDMainView.xib; sourceTree = "<group>"; };
		F0EE973D1400D01800E20CD9 /* UDStackViewController.h */ = {isa = PBXFileReference; fileEncoding = 4; lastKnownFileType = sourcecode.c.h; path = UDStackViewController.h; sourceTree = "<group>"; };
		F0EE973E1400D01800E20CD9 /* UDStackViewController.m */ = {isa = PBXFileReference; fileEncoding = 4; lastKnownFileType = sourcecode.c.objc; path = UDStackViewController.m; sourceTree = "<group>"; };
		F0EE97401400D07100E20CD9 /* UDColoredViewController.h */ = {isa = PBXFileReference; fileEncoding = 4; lastKnownFileType = sourcecode.c.h; path = UDColoredViewController.h; sourceTree = "<group>"; };
		F0EE97411400D07100E20CD9 /* UDColoredViewController.m */ = {isa = PBXFileReference; fileEncoding = 4; lastKnownFileType = sourcecode.c.objc; path = UDColoredViewController.m; sourceTree = "<group>"; };
		F0EE97431400D16900E20CD9 /* UDColoredView.xib */ = {isa = PBXFileReference; fileEncoding = 4; lastKnownFileType = file.xib; path = UDColoredView.xib; sourceTree = "<group>"; };
/* End PBXFileReference section */

/* Begin PBXFrameworksBuildPhase section */
		F0C1118B1400C1B9001F5A6E /* Frameworks */ = {
			isa = PBXFrameworksBuildPhase;
			buildActionMask = 2147483647;
			files = (
				F05B387614017A3B004C2A46 /* CoreGraphics.framework in Frameworks */,
				F0C111931400C1B9001F5A6E /* UIKit.framework in Frameworks */,
				F0C111951400C1B9001F5A6E /* Foundation.framework in Frameworks */,
			);
			runOnlyForDeploymentPostprocessing = 0;
		};
/* End PBXFrameworksBuildPhase section */

/* Begin PBXGroup section */
		F0C111831400C1B9001F5A6E = {
			isa = PBXGroup;
			children = (
				F0C111B91400C4BA001F5A6E /* Classes */,
				F0C111BE1400C4BA001F5A6E /* Resources */,
				F0C111B81400C4AB001F5A6E /* Other Sources */,
				F0C111BC1400C4BA001F5A6E /* Frameworks */,
				F0C1118F1400C1B9001F5A6E /* Products */,
			);
			sourceTree = "<group>";
		};
		F0C1118F1400C1B9001F5A6E /* Products */ = {
			isa = PBXGroup;
			children = (
				F0C1118E1400C1B9001F5A6E /* UDStackView.app */,
			);
			name = Products;
			sourceTree = "<group>";
		};
		F0C111B81400C4AB001F5A6E /* Other Sources */ = {
			isa = PBXGroup;
			children = (
				F0C111BD1400C4BA001F5A6E /* main.m */,
				F0C111C31400C4BA001F5A6E /* Prefix.pch */,
			);
			name = "Other Sources";
			sourceTree = "<group>";
		};
		F0C111B91400C4BA001F5A6E /* Classes */ = {
			isa = PBXGroup;
			children = (
				F0EE973B1400CFE300E20CD9 /* Support */,
				F0EE97001400CCEB00E20CD9 /* Model */,
				F0EE97011400CCEB00E20CD9 /* View */,
				F0EE96FF1400CCEB00E20CD9 /* Controller */,
				F0C111BA1400C4BA001F5A6E /* UDAppDelegate.h */,
				F0C111BB1400C4BA001F5A6E /* UDAppDelegate.m */,
			);
			name = Classes;
			path = UDStackView/Classes;
			sourceTree = "<group>";
		};
		F0C111BC1400C4BA001F5A6E /* Frameworks */ = {
			isa = PBXGroup;
			children = (
				F0C111921400C1B9001F5A6E /* UIKit.framework */,
				F0C111941400C1B9001F5A6E /* Foundation.framework */,
				F05B387514017A3B004C2A46 /* CoreGraphics.framework */,
			);
			name = Frameworks;
			path = UDStackView/Frameworks;
			sourceTree = "<group>";
		};
		F0C111BE1400C4BA001F5A6E /* Resources */ = {
			isa = PBXGroup;
			children = (
				F0C111C11400C4BA001F5A6E /* View */,
				F0C111BF1400C4BA001F5A6E /* Image */,
				F0C111C01400C4BA001F5A6E /* Info.plist */,
			);
			name = Resources;
			path = UDStackView/Resources;
			sourceTree = "<group>";
		};
		F0C111BF1400C4BA001F5A6E /* Image */ = {
			isa = PBXGroup;
			children = (
				F05B3867140174A2004C2A46 /* Icon.png */,
				F05B3871140174FA004C2A46 /* Default.png */,
				F05B385C14016859004C2A46 /* ud7logo.png */,
				F05B385F14016CC1004C2A46 /* triangle.png */,
			);
			path = Image;
			sourceTree = "<group>";
		};
		F0C111C11400C4BA001F5A6E /* View */ = {
			isa = PBXGroup;
			children = (
				F0EE97051400CD7F00E20CD9 /* UDMainView.xib */,
				F0EE97431400D16900E20CD9 /* UDColoredView.xib */,
			);
			path = View;
			sourceTree = "<group>";
		};
		F0EE96FF1400CCEB00E20CD9 /* Controller */ = {
			isa = PBXGroup;
			children = (
				F0EE97021400CD1100E20CD9 /* UDMainViewController.h */,
				F0EE97031400CD1100E20CD9 /* UDMainViewController.m */,
				F0EE97401400D07100E20CD9 /* UDColoredViewController.h */,
				F0EE97411400D07100E20CD9 /* UDColoredViewController.m */,
			);
			path = Controller;
			sourceTree = "<group>";
		};
		F0EE97001400CCEB00E20CD9 /* Model */ = {
			isa = PBXGroup;
			children = (
			);
			path = Model;
			sourceTree = "<group>";
		};
		F0EE97011400CCEB00E20CD9 /* View */ = {
			isa = PBXGroup;
			children = (
			);
			path = View;
			sourceTree = "<group>";
		};
		F0EE973B1400CFE300E20CD9 /* Support */ = {
			isa = PBXGroup;
			children = (
				F0EE973C1400D00100E20CD9 /* UDStackController */,
			);
			path = Support;
			sourceTree = "<group>";
		};
		F0EE973C1400D00100E20CD9 /* UDStackController */ = {
			isa = PBXGroup;
			children = (
				F0EE973D1400D01800E20CD9 /* UDStackViewController.h */,
				F0EE973E1400D01800E20CD9 /* UDStackViewController.m */,
				F05B3851140147F4004C2A46 /* UDStackNavigationController.h */,
				F05B3852140147F4004C2A46 /* UDStackNavigationController.m */,
			);
			path = UDStackController;
			sourceTree = "<group>";
		};
/* End PBXGroup section */

/* Begin PBXNativeTarget section */
		F0C1118D1400C1B9001F5A6E /* UDStackView */ = {
			isa = PBXNativeTarget;
			buildConfigurationList = F0C111AA1400C1B9001F5A6E /* Build configuration list for PBXNativeTarget "UDStackView" */;
			buildPhases = (
				F0C1118A1400C1B9001F5A6E /* Sources */,
				F0C1118B1400C1B9001F5A6E /* Frameworks */,
				F0C1118C1400C1B9001F5A6E /* Resources */,
			);
			buildRules = (
			);
			dependencies = (
			);
			name = UDStackView;
			productName = UDStackView;
			productReference = F0C1118E1400C1B9001F5A6E /* UDStackView.app */;
			productType = "com.apple.product-type.application";
		};
/* End PBXNativeTarget section */

/* Begin PBXProject section */
		F0C111851400C1B9001F5A6E /* Project object */ = {
			isa = PBXProject;
			attributes = {
				LastUpgradeCheck = 0420;
				ORGANIZATIONNAME = UD7;
			};
			buildConfigurationList = F0C111881400C1B9001F5A6E /* Build configuration list for PBXProject "UDStackView" */;
			compatibilityVersion = "Xcode 3.2";
			developmentRegion = English;
			hasScannedForEncodings = 0;
			knownRegions = (
				en,
			);
			mainGroup = F0C111831400C1B9001F5A6E;
			productRefGroup = F0C1118F1400C1B9001F5A6E /* Products */;
			projectDirPath = "";
			projectRoot = "";
			targets = (
				F0C1118D1400C1B9001F5A6E /* UDStackView */,
			);
		};
/* End PBXProject section */

/* Begin PBXResourcesBuildPhase section */
		F0C1118C1400C1B9001F5A6E /* Resources */ = {
			isa = PBXResourcesBuildPhase;
			buildActionMask = 2147483647;
			files = (
				F0EE97061400CD7F00E20CD9 /* UDMainView.xib in Resources */,
				F0EE97441400D16900E20CD9 /* UDColoredView.xib in Resources */,
				F05B385D14016859004C2A46 /* ud7logo.png in Resources */,
				F05B386014016CC1004C2A46 /* triangle.png in Resources */,
				F05B3868140174A2004C2A46 /* Icon.png in Resources */,
				F05B3872140174FA004C2A46 /* Default.png in Resources */,
			);
			runOnlyForDeploymentPostprocessing = 0;
		};
/* End PBXResourcesBuildPhase section */

/* Begin PBXSourcesBuildPhase section */
		F0C1118A1400C1B9001F5A6E /* Sources */ = {
			isa = PBXSourcesBuildPhase;
			buildActionMask = 2147483647;
			files = (
				F0C111C41400C4BA001F5A6E /* UDAppDelegate.m in Sources */,
				F0C111C51400C4BA001F5A6E /* main.m in Sources */,
				F0EE97041400CD1100E20CD9 /* UDMainViewController.m in Sources */,
				F0EE973F1400D01800E20CD9 /* UDStackViewController.m in Sources */,
				F0EE97421400D07100E20CD9 /* UDColoredViewController.m in Sources */,
				F05B3853140147F4004C2A46 /* UDStackNavigationController.m in Sources */,
			);
			runOnlyForDeploymentPostprocessing = 0;
		};
/* End PBXSourcesBuildPhase section */

/* Begin XCBuildConfiguration section */
		F0C111A81400C1B9001F5A6E /* Debug */ = {
			isa = XCBuildConfiguration;
			buildSettings = {
				ALWAYS_SEARCH_USER_PATHS = NO;
				ARCHS = "$(ARCHS_STANDARD_32_BIT)";
				"CODE_SIGN_IDENTITY[sdk=iphoneos*]" = "iPhone Developer";
				COPY_PHASE_STRIP = NO;
				GCC_C_LANGUAGE_STANDARD = gnu99;
				GCC_DYNAMIC_NO_PIC = NO;
				GCC_OPTIMIZATION_LEVEL = 0;
				GCC_PREPROCESSOR_DEFINITIONS = (
					"DEBUG=1",
					"$(inherited)",
				);
				GCC_SYMBOLS_PRIVATE_EXTERN = NO;
				GCC_VERSION = com.apple.compilers.llvm.clang.1_0;
				GCC_WARN_ABOUT_MISSING_PROTOTYPES = YES;
				GCC_WARN_ABOUT_RETURN_TYPE = YES;
				GCC_WARN_UNUSED_VARIABLE = YES;
				IPHONEOS_DEPLOYMENT_TARGET = 4.0;
				SDKROOT = iphoneos;
			};
			name = Debug;
		};
		F0C111A91400C1B9001F5A6E /* Release */ = {
			isa = XCBuildConfiguration;
			buildSettings = {
				ALWAYS_SEARCH_USER_PATHS = NO;
				ARCHS = "$(ARCHS_STANDARD_32_BIT)";
				"CODE_SIGN_IDENTITY[sdk=iphoneos*]" = "iPhone Developer";
				COPY_PHASE_STRIP = YES;
				GCC_C_LANGUAGE_STANDARD = gnu99;
				GCC_VERSION = com.apple.compilers.llvm.clang.1_0;
				GCC_WARN_ABOUT_MISSING_PROTOTYPES = YES;
				GCC_WARN_ABOUT_RETURN_TYPE = YES;
				GCC_WARN_UNUSED_VARIABLE = YES;
				IPHONEOS_DEPLOYMENT_TARGET = 4.0;
				OTHER_CFLAGS = "-DNS_BLOCK_ASSERTIONS=1";
				SDKROOT = iphoneos;
				VALIDATE_PRODUCT = YES;
			};
			name = Release;
		};
		F0C111AB1400C1B9001F5A6E /* Debug */ = {
			isa = XCBuildConfiguration;
			buildSettings = {
				GCC_PRECOMPILE_PREFIX_HEADER = YES;
				GCC_PREFIX_HEADER = UDStackView/Prefix.pch;
				INFOPLIST_FILE = UDStackView/Resources/Info.plist;
				PRODUCT_NAME = "$(TARGET_NAME)";
				WRAPPER_EXTENSION = app;
			};
			name = Debug;
		};
		F0C111AC1400C1B9001F5A6E /* Release */ = {
			isa = XCBuildConfiguration;
			buildSettings = {
				GCC_PRECOMPILE_PREFIX_HEADER = YES;
				GCC_PREFIX_HEADER = UDStackView/Prefix.pch;
				INFOPLIST_FILE = UDStackView/Resources/Info.plist;
				PRODUCT_NAME = "$(TARGET_NAME)";
				WRAPPER_EXTENSION = app;
			};
			name = Release;
		};
/* End XCBuildConfiguration section */

/* Begin XCConfigurationList section */
		F0C111881400C1B9001F5A6E /* Build configuration list for PBXProject "UDStackView" */ = {
			isa = XCConfigurationList;
			buildConfigurations = (
				F0C111A81400C1B9001F5A6E /* Debug */,
				F0C111A91400C1B9001F5A6E /* Release */,
			);
			defaultConfigurationIsVisible = 0;
			defaultConfigurationName = Release;
		};
		F0C111AA1400C1B9001F5A6E /* Build configuration list for PBXNativeTarget "UDStackView" */ = {
			isa = XCConfigurationList;
			buildConfigurations = (
				F0C111AB1400C1B9001F5A6E /* Debug */,
				F0C111AC1400C1B9001F5A6E /* Release */,
			);
			defaultConfigurationIsVisible = 0;
			defaultConfigurationName = Release;
		};
/* End XCConfigurationList section */
	};
	rootObject = F0C111851400C1B9001F5A6E /* Project object */;
}
